
Microsoft Visual Studio Solution File, Format Version 12.00
# Visual Studio Version 16
VisualStudioVersion = 16.0.31911.196
MinimumVisualStudioVersion = 10.0.40219.1
Project("{8BC9CEB8-8B4A-11D0-8D11-00A0C91BC942}") = "problema4", "problema4.vcxproj", "{695B426F-2FBB-451B-832D-6AFC3A77B5A7}"
EndProject
Global
	GlobalSection(SolutionConfigurationPlatforms) = preSolution
		Debug|x64 = Debug|x64
		Debug|x86 = Debug|x86
		Release|x64 = Release|x64
		Release|x86 = Release|x86
	EndGlobalSection
	GlobalSection(ProjectConfigurationPlatforms) = postSolution
		{695B426F-2FBB-451B-832D-6AFC3A77B5A7}.Debug|x64.ActiveCfg = Debug|x64
		{695B426F-2FBB-451B-832D-6AFC3A77B5A7}.Debug|x64.Build.0 = Debug|x64
		{695B426F-2FBB-451B-832D-6AFC3A77B5A7}.Debug|x86.ActiveCfg = Debug|Win32
		{695B426F-2FBB-451B-832D-6AFC3A77B5A7}.Debug|x86.Build.0 = Debug|Win32
		{695B426F-2FBB-451B-832D-6AFC3A77B5A7}.Release|x64.ActiveCfg = Release|x64
		{695B426F-2FBB-451B-832D-6AFC3A77B5A7}.Release|x64.Build.0 = Release|x64
		{695B426F-2FBB-451B-832D-6AFC3A77B5A7}.Release|x86.ActiveCfg = Release|Win32
		{695B426F-2FBB-451B-832D-6AFC3A77B5A7}.Release|x86.Build.0 = Release|Win32
	EndGlobalSection
	GlobalSection(SolutionProperties) = preSolution
		HideSolutionNode = FALSE
	EndGlobalSection
	GlobalSection(ExtensibilityGlobals) = postSolution
		SolutionGuid = {EFDEF7A7-3E20-439D-B9D4-75B2E45221FB}
	EndGlobalSection
EndGlobal
